
Microsoft Visual Studio Solution File, Format Version 12.00
# Visual Studio Version 17
VisualStudioVersion = 17.2.32630.192
MinimumVisualStudioVersion = 10.0.40219.1
Project("{FAE04EC0-301F-11D3-BF4B-00C04F79EFBC}") = "EJERCICIO NUMEROS PRIMOS", "EJERCICIO NUMEROS PRIMOS\EJERCICIO NUMEROS PRIMOS.csproj", "{8B761E04-3615-4FCD-B278-D434D31BB44D}"
EndProject
Global
	GlobalSection(SolutionConfigurationPlatforms) = preSolution
		Debug|Any CPU = Debug|Any CPU
		Release|Any CPU = Release|Any CPU
	EndGlobalSection
	GlobalSection(ProjectConfigurationPlatforms) = postSolution
		{8B761E04-3615-4FCD-B278-D434D31BB44D}.Debug|Any CPU.ActiveCfg = Debug|Any CPU
		{8B761E04-3615-4FCD-B278-D434D31BB44D}.Debug|Any CPU.Build.0 = Debug|Any CPU
		{8B761E04-3615-4FCD-B278-D434D31BB44D}.Release|Any CPU.ActiveCfg = Release|Any CPU
		{8B761E04-3615-4FCD-B278-D434D31BB44D}.Release|Any CPU.Build.0 = Release|Any CPU
	EndGlobalSection
	GlobalSection(SolutionProperties) = preSolution
		HideSolutionNode = FALSE
	EndGlobalSection
	GlobalSection(ExtensibilityGlobals) = postSolution
		SolutionGuid = {163C1A75-D9D1-4DBF-A70F-267DEAB22BAF}
	EndGlobalSection
EndGlobal
